
Microsoft Visual Studio Solution File, Format Version 12.00
# Visual Studio Version 17
VisualStudioVersion = 17.14.36518.9 d17.14
MinimumVisualStudioVersion = 10.0.40219.1
Project("{FAE04EC0-301F-11D3-BF4B-00C04F79EFBC}") = "Tawasul-BackEnd", "Tawasul-BackEnd\Tawasul-BackEnd.csproj", "{FE0E704B-9B95-4E14-8817-473284EDA808}"
EndProject
Global
	GlobalSection(SolutionConfigurationPlatforms) = preSolution
		Debug|Any CPU = Debug|Any CPU
		Release|Any CPU = Release|Any CPU
	EndGlobalSection
	GlobalSection(ProjectConfigurationPlatforms) = postSolution
		{FE0E704B-9B95-4E14-8817-473284EDA808}.Debug|Any CPU.ActiveCfg = Debug|Any CPU
		{FE0E704B-9B95-4E14-8817-473284EDA808}.Debug|Any CPU.Build.0 = Debug|Any CPU
		{FE0E704B-9B95-4E14-8817-473284EDA808}.Release|Any CPU.ActiveCfg = Release|Any CPU
		{FE0E704B-9B95-4E14-8817-473284EDA808}.Release|Any CPU.Build.0 = Release|Any CPU
	EndGlobalSection
	GlobalSection(SolutionProperties) = preSolution
		HideSolutionNode = FALSE
	EndGlobalSection
	GlobalSection(ExtensibilityGlobals) = postSolution
		SolutionGuid = {92DF502B-5461-45A9-B194-727532109996}
	EndGlobalSection
EndGlobal
